
Microsoft Visual Studio Solution File, Format Version 12.00
# Visual Studio Version 17
VisualStudioVersion = 17.12.35527.113 d17.12
MinimumVisualStudioVersion = 10.0.40219.1
Project("{FAE04EC0-301F-11D3-BF4B-00C04F79EFBC}") = "TabularEditor", "TabularEditor\TabularEditor.csproj", "{F7588159-3F24-4BFA-A6F6-551657896C34}"
EndProject
Project("{FAE04EC0-301F-11D3-BF4B-00C04F79EFBC}") = "TOMWrapper", "TOMWrapper\TOMWrapper.csproj", "{19DDE9A0-227F-4E8B-849D-C91C25322826}"
	ProjectSection(ProjectDependencies) = postProject
		{6453FB18-AF97-4D9C-9A50-17CBBCE091DD} = {6453FB18-AF97-4D9C-9A50-17CBBCE091DD}
	EndProjectSection
EndProject
Project("{FAE04EC0-301F-11D3-BF4B-00C04F79EFBC}") = "TabularEditorTest", "TabularEditorTest\TabularEditorTest.csproj", "{BA495540-1B2D-4C1D-8A91-CB4EC8C3DCC7}"
EndProject
Project("{FAE04EC0-301F-11D3-BF4B-00C04F79EFBC}") = "AntlrGrammars", "AntlrGrammars\AntlrGrammars.csproj", "{6453FB18-AF97-4D9C-9A50-17CBBCE091DD}"
EndProject
Project("{2150E333-8FDC-42A3-9474-1A3956D46DE8}") = "Solution Items", "Solution Items", "{75A8F23A-0A05-4410-A04A-4A6E3A8004C1}"
	ProjectSection(SolutionItems) = preProject
		.editorconfig = .editorconfig
		.gitignore = .gitignore
		SharedAssemblyInfo.cs = SharedAssemblyInfo.cs
	EndProjectSection
EndProject
Project("{54435603-DBB4-11D2-8724-00A0C9A8B90C}") = "TabularEditorInstaller", "TabularEditorInstaller\TabularEditorInstaller.vdproj", "{3CF53981-9965-436B-9805-D6F844C2CE15}"
EndProject
Project("{FAE04EC0-301F-11D3-BF4B-00C04F79EFBC}") = "TOMWrapperTest", "TOMWrapperTest\TOMWrapperTest.csproj", "{546659EE-5DA6-4BAC-BD5E-0D898389201A}"
EndProject
Global
	GlobalSection(SolutionConfigurationPlatforms) = preSolution
		Debug|Any CPU = Debug|Any CPU
		Release|Any CPU = Release|Any CPU
	EndGlobalSection
	GlobalSection(ProjectConfigurationPlatforms) = postSolution
		{F7588159-3F24-4BFA-A6F6-551657896C34}.Debug|Any CPU.ActiveCfg = Debug|Any CPU
		{F7588159-3F24-4BFA-A6F6-551657896C34}.Debug|Any CPU.Build.0 = Debug|Any CPU
		{F7588159-3F24-4BFA-A6F6-551657896C34}.Release|Any CPU.ActiveCfg = Release|Any CPU
		{F7588159-3F24-4BFA-A6F6-551657896C34}.Release|Any CPU.Build.0 = Release|Any CPU
		{19DDE9A0-227F-4E8B-849D-C91C25322826}.Debug|Any CPU.ActiveCfg = Debug|Any CPU
		{19DDE9A0-227F-4E8B-849D-C91C25322826}.Debug|Any CPU.Build.0 = Debug|Any CPU
		{19DDE9A0-227F-4E8B-849D-C91C25322826}.Release|Any CPU.ActiveCfg = Release|Any CPU
		{19DDE9A0-227F-4E8B-849D-C91C25322826}.Release|Any CPU.Build.0 = Release|Any CPU
		{BA495540-1B2D-4C1D-8A91-CB4EC8C3DCC7}.Debug|Any CPU.ActiveCfg = Debug|Any CPU
		{BA495540-1B2D-4C1D-8A91-CB4EC8C3DCC7}.Debug|Any CPU.Build.0 = Debug|Any CPU
		{BA495540-1B2D-4C1D-8A91-CB4EC8C3DCC7}.Release|Any CPU.ActiveCfg = Release|Any CPU
		{BA495540-1B2D-4C1D-8A91-CB4EC8C3DCC7}.Release|Any CPU.Build.0 = Release|Any CPU
		{6453FB18-AF97-4D9C-9A50-17CBBCE091DD}.Debug|Any CPU.ActiveCfg = Debug|Any CPU
		{6453FB18-AF97-4D9C-9A50-17CBBCE091DD}.Debug|Any CPU.Build.0 = Debug|Any CPU
		{6453FB18-AF97-4D9C-9A50-17CBBCE091DD}.Release|Any CPU.ActiveCfg = Release|Any CPU
		{6453FB18-AF97-4D9C-9A50-17CBBCE091DD}.Release|Any CPU.Build.0 = Release|Any CPU
		{3CF53981-9965-436B-9805-D6F844C2CE15}.Debug|Any CPU.ActiveCfg = Debug
		{3CF53981-9965-436B-9805-D6F844C2CE15}.Release|Any CPU.ActiveCfg = Release
		{546659EE-5DA6-4BAC-BD5E-0D898389201A}.Debug|Any CPU.ActiveCfg = Debug|Any CPU
		{546659EE-5DA6-4BAC-BD5E-0D898389201A}.Debug|Any CPU.Build.0 = Debug|Any CPU
		{546659EE-5DA6-4BAC-BD5E-0D898389201A}.Release|Any CPU.ActiveCfg = Release|Any CPU
		{546659EE-5DA6-4BAC-BD5E-0D898389201A}.Release|Any CPU.Build.0 = Release|Any CPU
	EndGlobalSection
	GlobalSection(SolutionProperties) = preSolution
		HideSolutionNode = FALSE
	EndGlobalSection
	GlobalSection(ExtensibilityGlobals) = postSolution
		SolutionGuid = {986C44A6-A2BA-4F65-8CF1-874A4DE16EB5}
	EndGlobalSection
EndGlobal
